
Microsoft Visual Studio Solution File, Format Version 12.00
# Visual Studio Version 17
VisualStudioVersion = 17.7.34031.279
MinimumVisualStudioVersion = 10.0.40219.1
Project("{8BC9CEB8-8B4A-11D0-8D11-00A0C91BC942}") = "ConsoleControl", "ConsoleControl\ConsoleControl.vcxproj", "{E11E6472-B0BD-4B77-9FBF-EF4CDEE58744}"
EndProject
Project("{8BC9CEB8-8B4A-11D0-8D11-00A0C91BC942}") = "Mini_Practica", "Mini_Practica\Mini_Practica.vcxproj", "{A27F5BFE-8AA7-44C9-9C6D-A3CC2DDA272F}"
EndProject
Project("{8BC9CEB8-8B4A-11D0-8D11-00A0C91BC942}") = "NodeMap", "NodeMap\NodeMap.vcxproj", "{6F45C318-2C45-4354-9E1C-DF4F5EAA79FA}"
EndProject
Global
	GlobalSection(SolutionConfigurationPlatforms) = preSolution
		Debug|x64 = Debug|x64
		Debug|x86 = Debug|x86
		Release|x64 = Release|x64
		Release|x86 = Release|x86
	EndGlobalSection
	GlobalSection(ProjectConfigurationPlatforms) = postSolution
		{E11E6472-B0BD-4B77-9FBF-EF4CDEE58744}.Debug|x64.ActiveCfg = Debug|x64
		{E11E6472-B0BD-4B77-9FBF-EF4CDEE58744}.Debug|x64.Build.0 = Debug|x64
		{E11E6472-B0BD-4B77-9FBF-EF4CDEE58744}.Debug|x86.ActiveCfg = Debug|Win32
		{E11E6472-B0BD-4B77-9FBF-EF4CDEE58744}.Debug|x86.Build.0 = Debug|Win32
		{E11E6472-B0BD-4B77-9FBF-EF4CDEE58744}.Release|x64.ActiveCfg = Release|x64
		{E11E6472-B0BD-4B77-9FBF-EF4CDEE58744}.Release|x64.Build.0 = Release|x64
		{E11E6472-B0BD-4B77-9FBF-EF4CDEE58744}.Release|x86.ActiveCfg = Release|Win32
		{E11E6472-B0BD-4B77-9FBF-EF4CDEE58744}.Release|x86.Build.0 = Release|Win32
		{A27F5BFE-8AA7-44C9-9C6D-A3CC2DDA272F}.Debug|x64.ActiveCfg = Debug|x64
		{A27F5BFE-8AA7-44C9-9C6D-A3CC2DDA272F}.Debug|x64.Build.0 = Debug|x64
		{A27F5BFE-8AA7-44C9-9C6D-A3CC2DDA272F}.Debug|x86.ActiveCfg = Debug|Win32
		{A27F5BFE-8AA7-44C9-9C6D-A3CC2DDA272F}.Debug|x86.Build.0 = Debug|Win32
		{A27F5BFE-8AA7-44C9-9C6D-A3CC2DDA272F}.Release|x64.ActiveCfg = Release|x64
		{A27F5BFE-8AA7-44C9-9C6D-A3CC2DDA272F}.Release|x64.Build.0 = Release|x64
		{A27F5BFE-8AA7-44C9-9C6D-A3CC2DDA272F}.Release|x86.ActiveCfg = Release|Win32
		{A27F5BFE-8AA7-44C9-9C6D-A3CC2DDA272F}.Release|x86.Build.0 = Release|Win32
		{6F45C318-2C45-4354-9E1C-DF4F5EAA79FA}.Debug|x64.ActiveCfg = Debug|x64
		{6F45C318-2C45-4354-9E1C-DF4F5EAA79FA}.Debug|x64.Build.0 = Debug|x64
		{6F45C318-2C45-4354-9E1C-DF4F5EAA79FA}.Debug|x86.ActiveCfg = Debug|Win32
		{6F45C318-2C45-4354-9E1C-DF4F5EAA79FA}.Debug|x86.Build.0 = Debug|Win32
		{6F45C318-2C45-4354-9E1C-DF4F5EAA79FA}.Release|x64.ActiveCfg = Release|x64
		{6F45C318-2C45-4354-9E1C-DF4F5EAA79FA}.Release|x64.Build.0 = Release|x64
		{6F45C318-2C45-4354-9E1C-DF4F5EAA79FA}.Release|x86.ActiveCfg = Release|Win32
		{6F45C318-2C45-4354-9E1C-DF4F5EAA79FA}.Release|x86.Build.0 = Release|Win32
	EndGlobalSection
	GlobalSection(SolutionProperties) = preSolution
		HideSolutionNode = FALSE
	EndGlobalSection
	GlobalSection(ExtensibilityGlobals) = postSolution
		SolutionGuid = {0F5E2C7C-DE63-40B7-B2A9-30AA71FC0A56}
	EndGlobalSection
EndGlobal
